
Microsoft Visual Studio Solution File, Format Version 12.00
# Visual Studio Version 16
VisualStudioVersion = 16.0.30523.141
MinimumVisualStudioVersion = 10.0.40219.1
Project("{9A19103F-16F7-4668-BE54-9A1E7A4F7556}") = "ReverseTemplate", "ReverseTemplate.csproj", "{5D5FC2DF-E58F-46A7-BFAF-1BC471D0AC9A}"
EndProject
Project("{9A19103F-16F7-4668-BE54-9A1E7A4F7556}") = "ReverseTemplate.Tests", "ReverseTemplate.Tests\ReverseTemplate.Tests.csproj", "{7B6B6933-F5A1-413F-88FD-1D05AE479F41}"
EndProject
Project("{FAE04EC0-301F-11D3-BF4B-00C04F79EFBC}") = "ReverseTemplate.PSModule", "ReverseTemplate.PSModule\ReverseTemplate.PSModule.csproj", "{14A72BEC-64AF-4DB5-A3B9-7CD56904D7C8}"
EndProject
Global
	GlobalSection(SolutionConfigurationPlatforms) = preSolution
		Debug|Any CPU = Debug|Any CPU
		Release|Any CPU = Release|Any CPU
	EndGlobalSection
	GlobalSection(ProjectConfigurationPlatforms) = postSolution
		{5D5FC2DF-E58F-46A7-BFAF-1BC471D0AC9A}.Debug|Any CPU.ActiveCfg = Debug|Any CPU
		{5D5FC2DF-E58F-46A7-BFAF-1BC471D0AC9A}.Debug|Any CPU.Build.0 = Debug|Any CPU
		{5D5FC2DF-E58F-46A7-BFAF-1BC471D0AC9A}.Release|Any CPU.ActiveCfg = Release|Any CPU
		{5D5FC2DF-E58F-46A7-BFAF-1BC471D0AC9A}.Release|Any CPU.Build.0 = Release|Any CPU
		{7B6B6933-F5A1-413F-88FD-1D05AE479F41}.Debug|Any CPU.ActiveCfg = Debug|Any CPU
		{7B6B6933-F5A1-413F-88FD-1D05AE479F41}.Debug|Any CPU.Build.0 = Debug|Any CPU
		{7B6B6933-F5A1-413F-88FD-1D05AE479F41}.Release|Any CPU.ActiveCfg = Release|Any CPU
		{7B6B6933-F5A1-413F-88FD-1D05AE479F41}.Release|Any CPU.Build.0 = Release|Any CPU
		{14A72BEC-64AF-4DB5-A3B9-7CD56904D7C8}.Debug|Any CPU.ActiveCfg = Debug|Any CPU
		{14A72BEC-64AF-4DB5-A3B9-7CD56904D7C8}.Debug|Any CPU.Build.0 = Debug|Any CPU
		{14A72BEC-64AF-4DB5-A3B9-7CD56904D7C8}.Release|Any CPU.ActiveCfg = Release|Any CPU
		{14A72BEC-64AF-4DB5-A3B9-7CD56904D7C8}.Release|Any CPU.Build.0 = Release|Any CPU
	EndGlobalSection
	GlobalSection(SolutionProperties) = preSolution
		HideSolutionNode = FALSE
	EndGlobalSection
	GlobalSection(ExtensibilityGlobals) = postSolution
		SolutionGuid = {91272594-7308-422F-A594-1E81729985F7}
	EndGlobalSection
EndGlobal
